<?xml version="1.0" encoding="utf-8"?>
<Project ToolsVersion="4.0" xmlns:atg="http://atg.xbox.com" xmlns="http://schemas.microsoft.com/developer/msbuild/2003">
  <ItemGroup>
    <Filter Include="Resource Files">
      <UniqueIdentifier>{8e114980-c1a3-4ada-ad7c-83caadf5daeb}</UniqueIdentifier>
      <Extensions>rc;ico;cur;bmp;dlg;rc2;rct;bin;rgs;gif;jpg;jpeg;jpe</Extensions>
    </Filter>
    <Filter Include="Shaders">
      <UniqueIdentifier>{2c3d4c8c-5d1a-459a-a05a-a4e4b608a44e}</UniqueIdentifier>
      <Extensions>fx;fxh;hlsl</Extensions>
    </Filter>
    <Filter Include="FBXLoader">
      <UniqueIdentifier>{d5c8f372-bebe-4957-9aee-0c2453cbe0bb}</UniqueIdentifier>
    </Filter>
    <Filter Include="Assets">
      <UniqueIdentifier>{f7ec465c-9911-430d-8f86-04f99205efff}</UniqueIdentifier>
    </Filter>
    <Filter Include="Utilities">
      <UniqueIdentifier>{286d3215-573b-402e-b477-21982dc80479}</UniqueIdentifier>
    </Filter>
    <Filter Include="Utilities\Include">
      <UniqueIdentifier>{50afc4d9-3503-4556-9b13-d24f040217f1}</UniqueIdentifier>
    </Filter>
    <Filter Include="Utilities\src">
      <UniqueIdentifier>{b20a45ab-9c50-49ad-9ab2-9619baac8067}</UniqueIdentifier>
    </Filter>
    <Filter Include="Math">
      <UniqueIdentifier>{901fedc3-5fcf-43be-aac4-e47781990e1b}</UniqueIdentifier>
    </Filter>
    <Filter Include="Math\src">
      <UniqueIdentifier>{c69f832a-c543-4bc4-86a1-5d12e3d2b472}</UniqueIdentifier>
    </Filter>
    <Filter Include="Math\Include">
      <UniqueIdentifier>{f7a16d79-5e42-4ad2-9100-87721b9ed3eb}</UniqueIdentifier>
    </Filter>
    <Filter Include="Math\Include\SIMD">
      <UniqueIdentifier>{b9fead56-0418-4cdb-9116-394b2ffa5404}</UniqueIdentifier>
    </Filter>
    <Filter Include="Math\src\SIMD">
      <UniqueIdentifier>{44d29e5e-5ca3-4429-bd93-3f9bb73d196b}</UniqueIdentifier>
    </Filter>
    <Filter Include="Utilities\Include\File System">
      <UniqueIdentifier>{1d071b6b-6c7f-47fa-8dc8-1fac73f86d3d}</UniqueIdentifier>
    </Filter>
    <Filter Include="Utilities\src\File System">
      <UniqueIdentifier>{1183429a-f64d-4944-a564-c01682a24369}</UniqueIdentifier>
    </Filter>
    <Filter Include="Graphics">
      <UniqueIdentifier>{11b58d0a-ad64-403b-8a3e-ff586c653cfe}</UniqueIdentifier>
    </Filter>
    <Filter Include="Graphics\Light">
      <UniqueIdentifier>{c7d1a307-58ac-43fd-bbbd-3772294e6d1f}</UniqueIdentifier>
    </Filter>
    <Filter Include="Graphics\Camera">
      <UniqueIdentifier>{bebb5beb-9c55-42bc-a48e-ccb05c286641}</UniqueIdentifier>
    </Filter>
    <Filter Include="Shaders\PixelShader">
      <UniqueIdentifier>{486e7409-8f44-4977-9b7e-48e5d7ad63da}</UniqueIdentifier>
    </Filter>
    <Filter Include="Shaders\VertexShader">
      <UniqueIdentifier>{78786274-6c1e-4aec-be0d-7c85e1331d99}</UniqueIdentifier>
    </Filter>
    <Filter Include="Graphics\RenderTarget">
      <UniqueIdentifier>{e6ba4776-4ec2-4ce0-831a-cee6d26aa494}</UniqueIdentifier>
    </Filter>
    <Filter Include="Graphics\Shaders">
      <UniqueIdentifier>{0546c901-31e0-4081-b239-895037512dca}</UniqueIdentifier>
    </Filter>
    <Filter Include="Time">
      <UniqueIdentifier>{82c8167c-ff54-4bdf-8d9b-61b4e8c1c8aa}</UniqueIdentifier>
    </Filter>
    <Filter Include="Core">
      <UniqueIdentifier>{3912d543-965d-49d8-bca8-9abb6ffb9541}</UniqueIdentifier>
    </Filter>
  </ItemGroup>
  <ItemGroup>
    <ClCompile Include="CFBXLoader.cpp">
      <Filter>FBXLoader</Filter>
    </ClCompile>
    <ClCompile Include="src\Utilities\AnimationInfo.cpp">
      <Filter>Utilities\src</Filter>
    </ClCompile>
    <ClCompile Include="src\Utilities\BoneInfo.cpp">
      <Filter>Utilities\src</Filter>
    </ClCompile>
    <ClCompile Include="src\Utilities\Conversion.cpp">
      <Filter>Utilities\src</Filter>
    </ClCompile>
    <ClCompile Include="src\Utilities\ISerialize.cpp">
      <Filter>Utilities\src</Filter>
    </ClCompile>
    <ClCompile Include="src\Utilities\MaterialInfo.cpp">
      <Filter>Utilities\src</Filter>
    </ClCompile>
    <ClCompile Include="src\Utilities\MeshInfo.cpp">
      <Filter>Utilities\src</Filter>
    </ClCompile>
    <ClCompile Include="src\Utilities\ModelInfo.cpp">
      <Filter>Utilities\src</Filter>
    </ClCompile>
    <ClCompile Include="src\Utilities\Utilities.cpp">
      <Filter>Utilities\src</Filter>
    </ClCompile>
    <ClCompile Include="src\Math\Mat3.cpp">
      <Filter>Math\src</Filter>
    </ClCompile>
    <ClCompile Include="src\Math\Mat4.cpp">
      <Filter>Math\src</Filter>
    </ClCompile>
    <ClCompile Include="src\Math\UrsineMath.cpp">
      <Filter>Math\src</Filter>
    </ClCompile>
    <ClCompile Include="src\Math\Vec2.cpp">
      <Filter>Math\src</Filter>
    </ClCompile>
    <ClCompile Include="src\Math\Vec3.cpp">
      <Filter>Math\src</Filter>
    </ClCompile>
    <ClCompile Include="src\Math\Vec4.cpp">
      <Filter>Math\src</Filter>
    </ClCompile>
    <ClCompile Include="src\Math\SIMD\SMat3.cpp">
      <Filter>Math\src\SIMD</Filter>
    </ClCompile>
    <ClCompile Include="src\Math\SIMD\SMat4.cpp">
      <Filter>Math\src\SIMD</Filter>
    </ClCompile>
    <ClCompile Include="src\Math\SIMD\SQuat.cpp">
      <Filter>Math\src\SIMD</Filter>
    </ClCompile>
    <ClCompile Include="src\Math\SIMD\SVec3.cpp">
      <Filter>Math\src\SIMD</Filter>
    </ClCompile>
    <ClCompile Include="src\Math\SIMD\SVec4.cpp">
      <Filter>Math\src\SIMD</Filter>
    </ClCompile>
    <ClCompile Include="src\Utilities\File System\FileSystem.cpp">
      <Filter>Utilities\src\File System</Filter>
    </ClCompile>
    <ClCompile Include="src\Color.cpp">
      <Filter>Graphics</Filter>
    </ClCompile>
    <ClCompile Include="src\Graphics\Camera\Camera.cpp">
      <Filter>Graphics\Camera</Filter>
    </ClCompile>
    <ClCompile Include="src\Graphics\Light\Light.cpp">
      <Filter>Graphics\Light</Filter>
    </ClCompile>
    <ClCompile Include="FBXModel.cpp">
      <Filter>FBXLoader</Filter>
    </ClCompile>
    <ClCompile Include="include\Utilities\AnimationDef.cpp">
      <Filter>Utilities\Include</Filter>
    </ClCompile>
    <ClCompile Include="src\Graphics\Skydome.cpp">
      <Filter>Graphics</Filter>
    </ClCompile>
    <ClCompile Include="src\Graphics\Shaders\Shader.cpp">
      <Filter>Graphics\Shaders</Filter>
    </ClCompile>
    <ClCompile Include="src\Graphics\RenderTarget\RenderTarget.cpp">
      <Filter>Graphics\RenderTarget</Filter>
    </ClCompile>
    <ClCompile Include="src\Graphics\RenderTarget\UAVTexture.cpp">
      <Filter>Graphics\RenderTarget</Filter>
    </ClCompile>
    <ClCompile Include="src\Graphics\RenderTarget\MultiRenderTarget.cpp">
      <Filter>Graphics\RenderTarget</Filter>
    </ClCompile>
    <ClCompile Include="src\rgbe.cpp">
      <Filter>Graphics</Filter>
    </ClCompile>
    <ClCompile Include="src\Graphics\HDRTexture.cpp">
      <Filter>Graphics</Filter>
    </ClCompile>
    <ClCompile Include="src\Graphics\Texture.cpp">
      <Filter>Graphics</Filter>
    </ClCompile>
    <ClCompile Include="src\Graphics\RenderTarget\DepthRenderTarget.cpp">
      <Filter>Graphics\RenderTarget</Filter>
    </ClCompile>
    <ClCompile Include="Renderer.cpp">
      <Filter>FBXLoader</Filter>
    </ClCompile>
    <ClCompile Include="src\Graphics\Graphics.cpp">
      <Filter>Graphics</Filter>
    </ClCompile>
    <ClCompile Include="src\Graphics\GraphicsPipeline.cpp">
      <Filter>Graphics</Filter>
    </ClCompile>
    <ClCompile Include="PlatformWindow.cpp" />
    <ClCompile Include="KeyBind.cpp" />
    <ClCompile Include="Duration.cpp" />
    <ClCompile Include="src\Time\TimePoint.cpp">
      <Filter>Time</Filter>
    </ClCompile>
    <ClCompile Include="src\Time\Time.cpp">
      <Filter>Time</Filter>
    </ClCompile>
    <ClCompile Include="src\Time\Stopwatch.cpp">
      <Filter>Time</Filter>
    </ClCompile>
    <ClCompile Include="src\Time\ClockCycle.cpp">
      <Filter>Time</Filter>
    </ClCompile>
    <ClCompile Include="MessageBox.cpp" />
    <ClCompile Include="Game.cpp" />
    <ClCompile Include="Application.cpp" />
    <ClCompile Include="src\Core\System.cpp">
      <Filter>Core</Filter>
    </ClCompile>
    <ClCompile Include="src\Core\SystemManager.cpp">
      <Filter>Core</Filter>
    </ClCompile>
    <ClCompile Include="src\Core\Thread.cpp">
      <Filter>Core</Filter>
    </ClCompile>
    <ClCompile Include="src\Core\Hash.cpp">
      <Filter>Core</Filter>
    </ClCompile>
    <ClCompile Include="src\Core\IDrawable.cpp">
      <Filter>Core</Filter>
    </ClCompile>
    <ClCompile Include="src\Core\IUpdatable.cpp">
      <Filter>Core</Filter>
    </ClCompile>
    <ClCompile Include="src\Core\GameComponent.cpp">
      <Filter>Core</Filter>
    </ClCompile>
    <ClCompile Include="src\Core\ObjectComponent.cpp">
      <Filter>Core</Filter>
    </ClCompile>
    <ClCompile Include="src\Core\JobQueue.cpp">
      <Filter>Core</Filter>
    </ClCompile>
    <ClCompile Include="src\Core\Assert.cpp">
      <Filter>Core</Filter>
    </ClCompile>
    <ClCompile Include="src\Core\Mutex.cpp">
      <Filter>Core</Filter>
    </ClCompile>
    <ClCompile Include="src\Core\CommonFunctions.cpp">
      <Filter>Core</Filter>
    </ClCompile>
    <ClCompile Include="src\Graphics\Mesh.cpp">
      <Filter>Graphics</Filter>
    </ClCompile>
    <ClCompile Include="src\Graphics\MeshLoader.cpp">
      <Filter>Graphics</Filter>
    </ClCompile>
    <ClCompile Include="src\Core\InputManager.cpp">
      <Filter>Core</Filter>
    </ClCompile>
  </ItemGroup>
  <ItemGroup>
    <ClInclude Include="CFBXLoader.h">
      <Filter>FBXLoader</Filter>
    </ClInclude>
    <ClInclude Include="include\Utilities\AnimationDef.h">
      <Filter>Utilities\Include</Filter>
    </ClInclude>
    <ClInclude Include="include\Utilities\AnimationInfo.h">
      <Filter>Utilities\Include</Filter>
    </ClInclude>
    <ClInclude Include="include\Utilities\BoneInfo.h">
      <Filter>Utilities\Include</Filter>
    </ClInclude>
    <ClInclude Include="include\Utilities\Conversion.h">
      <Filter>Utilities\Include</Filter>
    </ClInclude>
    <ClInclude Include="include\Utilities\CGDefinitions.h">
      <Filter>Utilities\Include</Filter>
    </ClInclude>
    <ClInclude Include="include\Utilities\ISerialize.h">
      <Filter>Utilities\Include</Filter>
    </ClInclude>
    <ClInclude Include="include\Utilities\MaterialInfo.h">
      <Filter>Utilities\Include</Filter>
    </ClInclude>
    <ClInclude Include="include\Utilities\MeshInfo.h">
      <Filter>Utilities\Include</Filter>
    </ClInclude>
    <ClInclude Include="include\Utilities\ModelInfo.h">
      <Filter>Utilities\Include</Filter>
    </ClInclude>
    <ClInclude Include="include\Utilities\Utilities.h">
      <Filter>Utilities\Include</Filter>
    </ClInclude>
    <ClInclude Include="include\Utilities\LvlHierarchy.h">
      <Filter>Utilities\Include</Filter>
    </ClInclude>
    <ClInclude Include="include\Math\Mat3.h">
      <Filter>Math\Include</Filter>
    </ClInclude>
    <ClInclude Include="include\Math\Mat3.hpp">
      <Filter>Math\Include</Filter>
    </ClInclude>
    <ClInclude Include="include\Math\Mat4.h">
      <Filter>Math\Include</Filter>
    </ClInclude>
    <ClInclude Include="include\Math\Mat4.hpp">
      <Filter>Math\Include</Filter>
    </ClInclude>
    <ClInclude Include="include\Math\Plane.h">
      <Filter>Math\Include</Filter>
    </ClInclude>
    <ClInclude Include="include\Math\Plane.hpp">
      <Filter>Math\Include</Filter>
    </ClInclude>
    <ClInclude Include="include\Math\Ray.h">
      <Filter>Math\Include</Filter>
    </ClInclude>
    <ClInclude Include="include\Math\Ray.hpp">
      <Filter>Math\Include</Filter>
    </ClInclude>
    <ClInclude Include="include\Math\UrsineMath.h">
      <Filter>Math\Include</Filter>
    </ClInclude>
    <ClInclude Include="include\Math\UrsineMath.hpp">
      <Filter>Math\Include</Filter>
    </ClInclude>
    <ClInclude Include="include\Math\Vec2.h">
      <Filter>Math\Include</Filter>
    </ClInclude>
    <ClInclude Include="include\Math\Vec2.hpp">
      <Filter>Math\Include</Filter>
    </ClInclude>
    <ClInclude Include="include\Math\Vec3.h">
      <Filter>Math\Include</Filter>
    </ClInclude>
    <ClInclude Include="include\Math\Vec3.hpp">
      <Filter>Math\Include</Filter>
    </ClInclude>
    <ClInclude Include="include\Math\Vec4.h">
      <Filter>Math\Include</Filter>
    </ClInclude>
    <ClInclude Include="include\Math\Vec4.hpp">
      <Filter>Math\Include</Filter>
    </ClInclude>
    <ClInclude Include="include\Math\SIMD\Curves.h">
      <Filter>Math\Include\SIMD</Filter>
    </ClInclude>
    <ClInclude Include="include\Math\SIMD\Curves.hpp">
      <Filter>Math\Include\SIMD</Filter>
    </ClInclude>
    <ClInclude Include="include\Math\SIMD\SIMD.h">
      <Filter>Math\Include\SIMD</Filter>
    </ClInclude>
    <ClInclude Include="include\Math\SIMD\SMat3.h">
      <Filter>Math\Include\SIMD</Filter>
    </ClInclude>
    <ClInclude Include="include\Math\SIMD\SMat3.hpp">
      <Filter>Math\Include\SIMD</Filter>
    </ClInclude>
    <ClInclude Include="include\Math\SIMD\SMat4.h">
      <Filter>Math\Include\SIMD</Filter>
    </ClInclude>
    <ClInclude Include="include\Math\SIMD\SMat4.hpp">
      <Filter>Math\Include\SIMD</Filter>
    </ClInclude>
    <ClInclude Include="include\Math\SIMD\SQuat.h">
      <Filter>Math\Include\SIMD</Filter>
    </ClInclude>
    <ClInclude Include="include\Math\SIMD\SVec3.h">
      <Filter>Math\Include\SIMD</Filter>
    </ClInclude>
    <ClInclude Include="include\Math\SIMD\SVec3.hpp">
      <Filter>Math\Include\SIMD</Filter>
    </ClInclude>
    <ClInclude Include="include\Math\SIMD\SVec4.h">
      <Filter>Math\Include\SIMD</Filter>
    </ClInclude>
    <ClInclude Include="include\Math\SIMD\SVec4.hpp">
      <Filter>Math\Include\SIMD</Filter>
    </ClInclude>
    <ClInclude Include="include\Utilities\UrsineTypes.h">
      <Filter>Utilities\Include</Filter>
    </ClInclude>
    <ClInclude Include="include\Utilities\File System\FileSystem.h">
      <Filter>Utilities\Include\File System</Filter>
    </ClInclude>
    <ClInclude Include="include\UrsinePrecompiled.h">
      <Filter>Utilities</Filter>
    </ClInclude>
    <ClInclude Include="include\Color.h">
      <Filter>Graphics</Filter>
    </ClInclude>
    <ClInclude Include="include\Graphics\ConstantBuffers.h">
      <Filter>Graphics</Filter>
    </ClInclude>
    <ClInclude Include="include\Graphics\Camera\Camera.h">
      <Filter>Graphics\Camera</Filter>
    </ClInclude>
    <ClInclude Include="include\Graphics\Light\Light.h">
      <Filter>Graphics\Light</Filter>
    </ClInclude>
    <ClInclude Include="FBXModel.h">
      <Filter>FBXLoader</Filter>
    </ClInclude>
    <ClInclude Include="include\Graphics\Skydome.h">
      <Filter>Graphics</Filter>
    </ClInclude>
    <ClInclude Include="include\Graphics\Shaders\Shader.h">
      <Filter>Graphics\Shaders</Filter>
    </ClInclude>
    <ClInclude Include="include\Graphics\RenderTarget\RenderTarget.h">
      <Filter>Graphics\RenderTarget</Filter>
    </ClInclude>
    <ClInclude Include="include\Graphics\RenderTarget\UAVTexture.h">
      <Filter>Graphics\RenderTarget</Filter>
    </ClInclude>
    <ClInclude Include="include\Graphics\RenderTarget\MultiRenderTarget.h">
      <Filter>Graphics\RenderTarget</Filter>
    </ClInclude>
    <ClInclude Include="include\rgbe.h">
      <Filter>Graphics</Filter>
    </ClInclude>
    <ClInclude Include="include\Graphics\HDRTexture.h">
      <Filter>Graphics</Filter>
    </ClInclude>
    <ClInclude Include="include\Graphics\Texture.h">
      <Filter>Graphics</Filter>
    </ClInclude>
    <ClInclude Include="include\Graphics\RenderTarget\DepthRenderTarget.h">
      <Filter>Graphics\RenderTarget</Filter>
    </ClInclude>
    <ClInclude Include="Renderer.h">
      <Filter>FBXLoader</Filter>
    </ClInclude>
    <ClInclude Include="include\Graphics\Graphics.h">
      <Filter>Graphics</Filter>
    </ClInclude>
    <ClInclude Include="include\Graphics\GraphicsPipeline.h">
      <Filter>Graphics</Filter>
    </ClInclude>
    <ClInclude Include="PlatformWindow.h" />
    <ClInclude Include="KeyBind.h" />
    <ClInclude Include="MessageBox.h" />
    <ClInclude Include="Singleton.h" />
    <ClInclude Include="Uncopyable.h" />
    <ClInclude Include="Duration.h" />
    <ClInclude Include="include\Time\TimePoint.h">
      <Filter>Time</Filter>
    </ClInclude>
    <ClInclude Include="include\Time\Time.h">
      <Filter>Time</Filter>
    </ClInclude>
    <ClInclude Include="include\Time\Stopwatch.h">
      <Filter>Time</Filter>
    </ClInclude>
    <ClInclude Include="include\Time\ClockCycle.h">
      <Filter>Time</Filter>
    </ClInclude>
    <ClInclude Include="Game.h" />
    <ClInclude Include="include\Core\SystemManager.h">
      <Filter>Core</Filter>
    </ClInclude>
    <ClInclude Include="include\Core\SystemMessaging.h">
      <Filter>Core</Filter>
    </ClInclude>
    <ClInclude Include="include\Core\System.h">
      <Filter>Core</Filter>
    </ClInclude>
    <ClInclude Include="include\Core\Thread.h">
      <Filter>Core</Filter>
    </ClInclude>
    <ClInclude Include="include\Core\Delegate.h">
      <Filter>Core</Filter>
    </ClInclude>
    <ClInclude Include="include\Core\CName.h">
      <Filter>Core</Filter>
    </ClInclude>
    <ClInclude Include="include\Core\Hash.h">
      <Filter>Core</Filter>
    </ClInclude>
    <ClInclude Include="include\Core\FunctionsFramework.h">
      <Filter>Core</Filter>
    </ClInclude>
    <ClInclude Include="include\Core\IDrawable.h">
      <Filter>Core</Filter>
    </ClInclude>
    <ClInclude Include="include\Core\IUpdatable.h">
      <Filter>Core</Filter>
    </ClInclude>
    <ClInclude Include="include\Core\GameComponent.h">
      <Filter>Core</Filter>
    </ClInclude>
    <ClInclude Include="include\Core\ObjectComponent.h">
      <Filter>Core</Filter>
    </ClInclude>
    <ClInclude Include="include\Core\JobQueue.h">
      <Filter>Core</Filter>
    </ClInclude>
    <ClInclude Include="include\Core\Message.h">
      <Filter>Core</Filter>
    </ClInclude>
    <ClInclude Include="include\Core\Assert.h">
      <Filter>Core</Filter>
    </ClInclude>
    <ClInclude Include="include\Core\Mutex.h">
      <Filter>Core</Filter>
    </ClInclude>
    <ClInclude Include="include\Core\CommonFunctions.h">
      <Filter>Core</Filter>
    </ClInclude>
    <ClInclude Include="include\Typing.h" />
    <ClInclude Include="include\Graphics\Mesh.h">
      <Filter>Graphics</Filter>
    </ClInclude>
    <ClInclude Include="include\Graphics\MeshLoader.h">
      <Filter>Graphics</Filter>
    </ClInclude>
    <ClInclude Include="include\Core\InputManager.h">
      <Filter>Core</Filter>
    </ClInclude>
    <ClInclude Include="include\Core\Event.h">
      <Filter>Core</Filter>
    </ClInclude>
    <ClInclude Include="include\Core\ObjectAllocator.h">
      <Filter>Core</Filter>
    </ClInclude>
  </ItemGroup>
  <ItemGroup>
    <FxCompile Include="Shader\InstancingVS.hlsl">
      <Filter>Shaders</Filter>
    </FxCompile>
    <FxCompile Include="Shader\PixelShaderLayout0.hlsl">
      <Filter>Shaders\PixelShader</Filter>
    </FxCompile>
    <FxCompile Include="Shader\PixelShaderLayout1.hlsl">
      <Filter>Shaders\PixelShader</Filter>
    </FxCompile>
    <FxCompile Include="Shader\PixelShaderLayout2.hlsl">
      <Filter>Shaders\PixelShader</Filter>
    </FxCompile>
    <FxCompile Include="Shader\PixelShaderLayout3.hlsl">
      <Filter>Shaders\PixelShader</Filter>
    </FxCompile>
    <FxCompile Include="Shader\PixelShaderLayout4.hlsl">
      <Filter>Shaders\PixelShader</Filter>
    </FxCompile>
    <FxCompile Include="Shader\PixelShaderLayout5.hlsl">
      <Filter>Shaders\PixelShader</Filter>
    </FxCompile>
    <FxCompile Include="Shader\PixelShaderLayout6.hlsl">
      <Filter>Shaders\PixelShader</Filter>
    </FxCompile>
    <FxCompile Include="Shader\PixelShaderLayout7.hlsl">
      <Filter>Shaders\PixelShader</Filter>
    </FxCompile>
    <FxCompile Include="Shader\VertexShaderLayout0.hlsl">
      <Filter>Shaders\VertexShader</Filter>
    </FxCompile>
    <FxCompile Include="Shader\VertexShaderLayout1.hlsl">
      <Filter>Shaders\VertexShader</Filter>
    </FxCompile>
    <FxCompile Include="Shader\VertexShaderLayout2.hlsl">
      <Filter>Shaders\VertexShader</Filter>
    </FxCompile>
    <FxCompile Include="Shader\VertexShaderLayout3.hlsl">
      <Filter>Shaders\VertexShader</Filter>
    </FxCompile>
    <FxCompile Include="Shader\VertexShaderLayout4.hlsl">
      <Filter>Shaders\VertexShader</Filter>
    </FxCompile>
    <FxCompile Include="Shader\VertexShaderLayout5.hlsl">
      <Filter>Shaders\VertexShader</Filter>
    </FxCompile>
    <FxCompile Include="Shader\VertexShaderLayout6.hlsl">
      <Filter>Shaders\VertexShader</Filter>
    </FxCompile>
    <FxCompile Include="Shader\VertexShaderLayout7.hlsl">
      <Filter>Shaders\VertexShader</Filter>
    </FxCompile>
    <FxCompile Include="Shader\DepthPS.hlsl">
      <Filter>Shaders</Filter>
    </FxCompile>
    <FxCompile Include="Shader\DepthVS.hlsl">
      <Filter>Shaders</Filter>
    </FxCompile>
    <FxCompile Include="Shader\DirectionalLightPS.hlsl">
      <Filter>Shaders</Filter>
    </FxCompile>
    <FxCompile Include="Shader\ExponentialDepthVS.hlsl">
      <Filter>Shaders</Filter>
    </FxCompile>
    <FxCompile Include="Shader\HDRPS.hlsl">
      <Filter>Shaders</Filter>
    </FxCompile>
    <FxCompile Include="Shader\HDRVS.hlsl">
      <Filter>Shaders</Filter>
    </FxCompile>
    <FxCompile Include="Shader\HorizontalBlur.hlsl">
      <Filter>Shaders</Filter>
    </FxCompile>
    <FxCompile Include="Shader\VerticalBlur.hlsl">
      <Filter>Shaders</Filter>
    </FxCompile>
    <FxCompile Include="Shader\SkydomeVS.hlsl">
      <Filter>Shaders</Filter>
    </FxCompile>
    <FxCompile Include="Shader\SkydomePS.hlsl">
      <Filter>Shaders</Filter>
    </FxCompile>
    <FxCompile Include="Shader\QuadVS.hlsl">
      <Filter>Shaders</Filter>
    </FxCompile>
    <FxCompile Include="Shader\QuadPS.hlsl">
      <Filter>Shaders</Filter>
    </FxCompile>
    <FxCompile Include="Shader\LightVS.hlsl">
      <Filter>Shaders</Filter>
    </FxCompile>
    <FxCompile Include="Shader\LightPS.hlsl">
      <Filter>Shaders</Filter>
    </FxCompile>
    <FxCompile Include="Shader\ExponentialDepthPS.hlsl">
      <Filter>Shaders</Filter>
    </FxCompile>
    <FxCompile Include="Shader\AmbientVS.hlsl">
      <Filter>Shaders</Filter>
    </FxCompile>
    <FxCompile Include="Shader\AmbientPS.hlsl">
      <Filter>Shaders</Filter>
    </FxCompile>
  </ItemGroup>
  <ItemGroup>
    <None Include="include\Graphics\Shaders\Shader.inl">
      <Filter>Graphics\Shaders</Filter>
    </None>
    <None Include="include\Time\Time.inl">
      <Filter>Time</Filter>
    </None>
    <None Include="include\Time\Stopwatch.inl">
      <Filter>Time</Filter>
    </None>
    <None Include="include\Core\SystemManager.inl">
      <Filter>Core</Filter>
    </None>
    <None Include="include\Core\System.inl">
      <Filter>Core</Filter>
    </None>
    <None Include="include\Core\Thread.inl">
      <Filter>Core</Filter>
    </None>
    <None Include="include\Core\CName.inl">
      <Filter>Core</Filter>
    </None>
    <None Include="include\Core\Hash.inl">
      <Filter>Core</Filter>
    </None>
    <None Include="include\Core\JobQueue.inl">
      <Filter>Core</Filter>
    </None>
    <None Include="include\Core\Message.inl">
      <Filter>Core</Filter>
    </None>
    <None Include="include\Core\Mutex.inl">
      <Filter>Core</Filter>
    </None>
    <None Include="include\Graphics\Mesh.inl">
      <Filter>Graphics</Filter>
    </None>
    <None Include="include\Core\ObjectAllocator.inl">
      <Filter>Core</Filter>
    </None>
  </ItemGroup>
</Project>